
Microsoft Visual Studio Solution File, Format Version 12.00
# Visual Studio Version 16
VisualStudioVersion = 16.0.29230.47
MinimumVisualStudioVersion = 10.0.40219.1
Project("{9A19103F-16F7-4668-BE54-9A1E7A4F7556}") = "FACTORINGHONOR.PE.WEB", "FACTORINGHONOR.PE.WEB\FACTORINGHONOR.PE.WEB.csproj", "{771DF8BA-B954-4156-BAD9-D9DD874A8BF6}"
EndProject
Project("{9A19103F-16F7-4668-BE54-9A1E7A4F7556}") = "FACTORINGHONOR.PE.ENTITIES", "FACTORINGHONOR.PE.ENTITIES\FACTORINGHONOR.PE.ENTITIES.csproj", "{3CE035CD-2339-4E0D-A8EB-7E55645ED01A}"
EndProject
Project("{9A19103F-16F7-4668-BE54-9A1E7A4F7556}") = "FACTORINGHONOR.PE.DATA", "FACTORINGHONOR.PE.DATA\FACTORINGHONOR.PE.DATA.csproj", "{E65392B1-0E02-4E82-AF9C-6A3FAD4867CC}"
EndProject
Project("{9A19103F-16F7-4668-BE54-9A1E7A4F7556}") = "FACTORINGHONOR.PE.CORE", "FACTORINGHONOR.PE.CORE\FACTORINGHONOR.PE.CORE.csproj", "{A177E25A-D572-4084-9CAF-BC7A8090CE80}"
EndProject
Global
	GlobalSection(SolutionConfigurationPlatforms) = preSolution
		Debug|Any CPU = Debug|Any CPU
		Release|Any CPU = Release|Any CPU
	EndGlobalSection
	GlobalSection(ProjectConfigurationPlatforms) = postSolution
		{771DF8BA-B954-4156-BAD9-D9DD874A8BF6}.Debug|Any CPU.ActiveCfg = Debug|Any CPU
		{771DF8BA-B954-4156-BAD9-D9DD874A8BF6}.Debug|Any CPU.Build.0 = Debug|Any CPU
		{771DF8BA-B954-4156-BAD9-D9DD874A8BF6}.Release|Any CPU.ActiveCfg = Release|Any CPU
		{771DF8BA-B954-4156-BAD9-D9DD874A8BF6}.Release|Any CPU.Build.0 = Release|Any CPU
		{3CE035CD-2339-4E0D-A8EB-7E55645ED01A}.Debug|Any CPU.ActiveCfg = Debug|Any CPU
		{3CE035CD-2339-4E0D-A8EB-7E55645ED01A}.Debug|Any CPU.Build.0 = Debug|Any CPU
		{3CE035CD-2339-4E0D-A8EB-7E55645ED01A}.Release|Any CPU.ActiveCfg = Release|Any CPU
		{3CE035CD-2339-4E0D-A8EB-7E55645ED01A}.Release|Any CPU.Build.0 = Release|Any CPU
		{E65392B1-0E02-4E82-AF9C-6A3FAD4867CC}.Debug|Any CPU.ActiveCfg = Debug|Any CPU
		{E65392B1-0E02-4E82-AF9C-6A3FAD4867CC}.Debug|Any CPU.Build.0 = Debug|Any CPU
		{E65392B1-0E02-4E82-AF9C-6A3FAD4867CC}.Release|Any CPU.ActiveCfg = Release|Any CPU
		{E65392B1-0E02-4E82-AF9C-6A3FAD4867CC}.Release|Any CPU.Build.0 = Release|Any CPU
		{A177E25A-D572-4084-9CAF-BC7A8090CE80}.Debug|Any CPU.ActiveCfg = Debug|Any CPU
		{A177E25A-D572-4084-9CAF-BC7A8090CE80}.Debug|Any CPU.Build.0 = Debug|Any CPU
		{A177E25A-D572-4084-9CAF-BC7A8090CE80}.Release|Any CPU.ActiveCfg = Release|Any CPU
		{A177E25A-D572-4084-9CAF-BC7A8090CE80}.Release|Any CPU.Build.0 = Release|Any CPU
	EndGlobalSection
	GlobalSection(SolutionProperties) = preSolution
		HideSolutionNode = FALSE
	EndGlobalSection
	GlobalSection(ExtensibilityGlobals) = postSolution
		SolutionGuid = {D7405E0D-AB92-4876-8243-F1B55032CC5C}
	EndGlobalSection
	GlobalSection(TeamFoundationVersionControl) = preSolution
		SccNumberOfProjects = 5
		SccEnterpriseProvider = {4CA58AB2-18FA-4F8D-95D4-32DDF27D184C}
		SccTeamFoundationServer = https://dev.azure.com/factoringhonor
		SccLocalPath0 = .
		SccProjectUniqueName1 = FACTORINGHONOR.PE.CORE\\FACTORINGHONOR.PE.CORE.csproj
		SccProjectName1 = FACTORINGHONOR.PE.CORE
		SccLocalPath1 = FACTORINGHONOR.PE.CORE
		SccProjectUniqueName2 = FACTORINGHONOR.PE.DATA\\FACTORINGHONOR.PE.DATA.csproj
		SccProjectName2 = FACTORINGHONOR.PE.DATA
		SccLocalPath2 = FACTORINGHONOR.PE.DATA
		SccProjectUniqueName3 = FACTORINGHONOR.PE.ENTITIES\\FACTORINGHONOR.PE.ENTITIES.csproj
		SccProjectName3 = FACTORINGHONOR.PE.ENTITIES
		SccLocalPath3 = FACTORINGHONOR.PE.ENTITIES
		SccProjectUniqueName4 = FACTORINGHONOR.PE.WEB\\FACTORINGHONOR.PE.WEB.csproj
		SccProjectName4 = FACTORINGHONOR.PE.WEB
		SccLocalPath4 = FACTORINGHONOR.PE.WEB
	EndGlobalSection
EndGlobal
